
Microsoft Visual Studio Solution File, Format Version 12.00
# Visual Studio Version 17
VisualStudioVersion = 17.3.32825.248
MinimumVisualStudioVersion = 10.0.40219.1
Project("{FAE04EC0-301F-11D3-BF4B-00C04F79EFBC}") = "GymManagementSystem", "GymManagementSystem.csproj", "{27496F39-18BD-487B-8C71-630DE2D04C87}"
EndProject
Global
	GlobalSection(SolutionConfigurationPlatforms) = preSolution
		Debug|Any CPU = Debug|Any CPU
		Release|Any CPU = Release|Any CPU
	EndGlobalSection
	GlobalSection(ProjectConfigurationPlatforms) = postSolution
		{27496F39-18BD-487B-8C71-630DE2D04C87}.Debug|Any CPU.ActiveCfg = Debug|Any CPU
		{27496F39-18BD-487B-8C71-630DE2D04C87}.Debug|Any CPU.Build.0 = Debug|Any CPU
		{27496F39-18BD-487B-8C71-630DE2D04C87}.Release|Any CPU.ActiveCfg = Release|Any CPU
		{27496F39-18BD-487B-8C71-630DE2D04C87}.Release|Any CPU.Build.0 = Release|Any CPU
	EndGlobalSection
	GlobalSection(SolutionProperties) = preSolution
		HideSolutionNode = FALSE
	EndGlobalSection
	GlobalSection(ExtensibilityGlobals) = postSolution
		SolutionGuid = {DAF9330A-1417-406E-B62E-4DB186D8BE3B}
	EndGlobalSection
EndGlobal
